
Microsoft Visual Studio Solution File, Format Version 12.00
# Visual Studio 15
VisualStudioVersion = 15.0.27428.2043
MinimumVisualStudioVersion = 10.0.40219.1
Project("{FAE04EC0-301F-11D3-BF4B-00C04F79EFBC}") = "FrioBueno", "FrioBueno\FrioBueno.csproj", "{4807DB8C-4E36-4DC7-8675-CE0DB0A1AA31}"
EndProject
Global
	GlobalSection(SolutionConfigurationPlatforms) = preSolution
		Debug|Any CPU = Debug|Any CPU
		Release|Any CPU = Release|Any CPU
	EndGlobalSection
	GlobalSection(ProjectConfigurationPlatforms) = postSolution
		{4807DB8C-4E36-4DC7-8675-CE0DB0A1AA31}.Debug|Any CPU.ActiveCfg = Debug|Any CPU
		{4807DB8C-4E36-4DC7-8675-CE0DB0A1AA31}.Debug|Any CPU.Build.0 = Debug|Any CPU
		{4807DB8C-4E36-4DC7-8675-CE0DB0A1AA31}.Release|Any CPU.ActiveCfg = Release|Any CPU
		{4807DB8C-4E36-4DC7-8675-CE0DB0A1AA31}.Release|Any CPU.Build.0 = Release|Any CPU
	EndGlobalSection
	GlobalSection(SolutionProperties) = preSolution
		HideSolutionNode = FALSE
	EndGlobalSection
	GlobalSection(ExtensibilityGlobals) = postSolution
		SolutionGuid = {280E6CDB-D45C-4366-B3A0-15CE0679CF9D}
	EndGlobalSection
EndGlobal
